
Microsoft Visual Studio Solution File, Format Version 11.00
# Visual Studio 2010
Project("{FAE04EC0-301F-11D3-BF4B-00C04F79EFBC}") = "Assembly-CSharp", "Assembly-CSharp.csproj", "{3E4D6D4C-49DB-F000-240C-834E6B015F37}"
EndProject
Project("{FAE04EC0-301F-11D3-BF4B-00C04F79EFBC}") = "Assembly-CSharp-Editor", "Assembly-CSharp-Editor.csproj", "{68AC704F-A5DE-EB98-ECF2-8F9DF99A79FC}"
EndProject
Global
	GlobalSection(SolutionConfigurationPlatforms) = preSolution
		Debug|Any CPU = Debug|Any CPU
		Release|Any CPU = Release|Any CPU
	EndGlobalSection
	GlobalSection(ProjectConfigurationPlatforms) = postSolution
		{3E4D6D4C-49DB-F000-240C-834E6B015F37}.Debug|Any CPU.ActiveCfg = Debug|Any CPU
		{3E4D6D4C-49DB-F000-240C-834E6B015F37}.Debug|Any CPU.Build.0 = Debug|Any CPU
		{3E4D6D4C-49DB-F000-240C-834E6B015F37}.Release|Any CPU.ActiveCfg = Release|Any CPU
		{3E4D6D4C-49DB-F000-240C-834E6B015F37}.Release|Any CPU.Build.0 = Release|Any CPU
		{68AC704F-A5DE-EB98-ECF2-8F9DF99A79FC}.Debug|Any CPU.ActiveCfg = Debug|Any CPU
		{68AC704F-A5DE-EB98-ECF2-8F9DF99A79FC}.Debug|Any CPU.Build.0 = Debug|Any CPU
		{68AC704F-A5DE-EB98-ECF2-8F9DF99A79FC}.Release|Any CPU.ActiveCfg = Release|Any CPU
		{68AC704F-A5DE-EB98-ECF2-8F9DF99A79FC}.Release|Any CPU.Build.0 = Release|Any CPU
	EndGlobalSection
	GlobalSection(SolutionProperties) = preSolution
		HideSolutionNode = FALSE
	EndGlobalSection
	GlobalSection(MonoDevelopProperties) = preSolution
		StartupItem = Assembly-CSharp.csproj
	EndGlobalSection
EndGlobal
